
Microsoft Visual Studio Solution File, Format Version 12.00
# Visual Studio 15
VisualStudioVersion = 15.0.26124.0
MinimumVisualStudioVersion = 15.0.26124.0
Project("{9A19103F-16F7-4668-BE54-9A1E7A4F7556}") = "ESBOrder", "ESBOrder.csproj", "{14EFDA8D-B369-4FA0-889A-197BC64EFCAB}"
EndProject
Project("{FAE04EC0-301F-11D3-BF4B-00C04F79EFBC}") = "ESBOrder.Test", "ESBOrder.Test\ESBOrder.Test.csproj", "{1BE6C5B4-6916-4A6A-866C-676F38EA1970}"
EndProject
Global
	GlobalSection(SolutionConfigurationPlatforms) = preSolution
		Debug|Any CPU = Debug|Any CPU
		Debug|x64 = Debug|x64
		Debug|x86 = Debug|x86
		Release|Any CPU = Release|Any CPU
		Release|x64 = Release|x64
		Release|x86 = Release|x86
	EndGlobalSection
	GlobalSection(ProjectConfigurationPlatforms) = postSolution
		{14EFDA8D-B369-4FA0-889A-197BC64EFCAB}.Debug|Any CPU.ActiveCfg = Debug|Any CPU
		{14EFDA8D-B369-4FA0-889A-197BC64EFCAB}.Debug|Any CPU.Build.0 = Debug|Any CPU
		{14EFDA8D-B369-4FA0-889A-197BC64EFCAB}.Debug|x64.ActiveCfg = Debug|Any CPU
		{14EFDA8D-B369-4FA0-889A-197BC64EFCAB}.Debug|x64.Build.0 = Debug|Any CPU
		{14EFDA8D-B369-4FA0-889A-197BC64EFCAB}.Debug|x86.ActiveCfg = Debug|Any CPU
		{14EFDA8D-B369-4FA0-889A-197BC64EFCAB}.Debug|x86.Build.0 = Debug|Any CPU
		{14EFDA8D-B369-4FA0-889A-197BC64EFCAB}.Release|Any CPU.ActiveCfg = Release|Any CPU
		{14EFDA8D-B369-4FA0-889A-197BC64EFCAB}.Release|Any CPU.Build.0 = Release|Any CPU
		{14EFDA8D-B369-4FA0-889A-197BC64EFCAB}.Release|x64.ActiveCfg = Release|Any CPU
		{14EFDA8D-B369-4FA0-889A-197BC64EFCAB}.Release|x64.Build.0 = Release|Any CPU
		{14EFDA8D-B369-4FA0-889A-197BC64EFCAB}.Release|x86.ActiveCfg = Release|Any CPU
		{14EFDA8D-B369-4FA0-889A-197BC64EFCAB}.Release|x86.Build.0 = Release|Any CPU
		{1BE6C5B4-6916-4A6A-866C-676F38EA1970}.Debug|Any CPU.ActiveCfg = Debug|Any CPU
		{1BE6C5B4-6916-4A6A-866C-676F38EA1970}.Debug|Any CPU.Build.0 = Debug|Any CPU
		{1BE6C5B4-6916-4A6A-866C-676F38EA1970}.Debug|x64.ActiveCfg = Debug|Any CPU
		{1BE6C5B4-6916-4A6A-866C-676F38EA1970}.Debug|x64.Build.0 = Debug|Any CPU
		{1BE6C5B4-6916-4A6A-866C-676F38EA1970}.Debug|x86.ActiveCfg = Debug|Any CPU
		{1BE6C5B4-6916-4A6A-866C-676F38EA1970}.Debug|x86.Build.0 = Debug|Any CPU
		{1BE6C5B4-6916-4A6A-866C-676F38EA1970}.Release|Any CPU.ActiveCfg = Release|Any CPU
		{1BE6C5B4-6916-4A6A-866C-676F38EA1970}.Release|Any CPU.Build.0 = Release|Any CPU
		{1BE6C5B4-6916-4A6A-866C-676F38EA1970}.Release|x64.ActiveCfg = Release|Any CPU
		{1BE6C5B4-6916-4A6A-866C-676F38EA1970}.Release|x64.Build.0 = Release|Any CPU
		{1BE6C5B4-6916-4A6A-866C-676F38EA1970}.Release|x86.ActiveCfg = Release|Any CPU
		{1BE6C5B4-6916-4A6A-866C-676F38EA1970}.Release|x86.Build.0 = Release|Any CPU
	EndGlobalSection
	GlobalSection(SolutionProperties) = preSolution
		HideSolutionNode = FALSE
	EndGlobalSection
	GlobalSection(ExtensibilityGlobals) = postSolution
		SolutionGuid = {F9E52562-5484-4C1D-B101-89DD37247873}
	EndGlobalSection
EndGlobal
